// !$*UTF8*$!
{
	archiveVersion = 1;
	classes = {
	};
	objectVersion = 51;
	objects = {

/* Begin PBXBuildFile section */
		4E18E7FBFC5A8AC339FECFC8 /* libPods-MigstagramTests.a in Frameworks */ = {isa = PBXBuildFile; fileRef = A897A79D90BF838AD243BA6B /* libPods-MigstagramTests.a */; };
		62BFBF7D22B5DE1D0052EF54 /* AppDelegate.m in Sources */ = {isa = PBXBuildFile; fileRef = 62BFBF7C22B5DE1D0052EF54 /* AppDelegate.m */; };
		62BFBF8322B5DE1D0052EF54 /* Main.storyboard in Resources */ = {isa = PBXBuildFile; fileRef = 62BFBF8122B5DE1D0052EF54 /* Main.storyboard */; };
		62BFBF8522B5DE1E0052EF54 /* Assets.xcassets in Resources */ = {isa = PBXBuildFile; fileRef = 62BFBF8422B5DE1E0052EF54 /* Assets.xcassets */; };
		62BFBF8822B5DE1E0052EF54 /* LaunchScreen.storyboard in Resources */ = {isa = PBXBuildFile; fileRef = 62BFBF8622B5DE1E0052EF54 /* LaunchScreen.storyboard */; };
		62BFBF8B22B5DE1E0052EF54 /* main.m in Sources */ = {isa = PBXBuildFile; fileRef = 62BFBF8A22B5DE1E0052EF54 /* main.m */; };
		62BFBF9522B5DE1E0052EF54 /* MigstagramTests.m in Sources */ = {isa = PBXBuildFile; fileRef = 62BFBF9422B5DE1E0052EF54 /* MigstagramTests.m */; };
		62BFBFA022B5DE1E0052EF54 /* MigstagramUITests.m in Sources */ = {isa = PBXBuildFile; fileRef = 62BFBF9F22B5DE1E0052EF54 /* MigstagramUITests.m */; };
		62BFBFBF22B5F3B10052EF54 /* RegisterViewController.m in Sources */ = {isa = PBXBuildFile; fileRef = 62BFBFBE22B5F3B10052EF54 /* RegisterViewController.m */; };
		62BFBFC222B5F3EA0052EF54 /* LoginViewController.m in Sources */ = {isa = PBXBuildFile; fileRef = 62BFBFC122B5F3EA0052EF54 /* LoginViewController.m */; };
		62BFBFC522B5F3F80052EF54 /* OpeningViewController.m in Sources */ = {isa = PBXBuildFile; fileRef = 62BFBFC422B5F3F80052EF54 /* OpeningViewController.m */; };
		62BFBFC822B5F90C0052EF54 /* HomeViewController.m in Sources */ = {isa = PBXBuildFile; fileRef = 62BFBFC722B5F90C0052EF54 /* HomeViewController.m */; };
		62BFBFCB22B6BA0C0052EF54 /* ImagePickerViewController.m in Sources */ = {isa = PBXBuildFile; fileRef = 62BFBFCA22B6BA0C0052EF54 /* ImagePickerViewController.m */; };
		62BFBFD122B6BC550052EF54 /* Post.m in Sources */ = {isa = PBXBuildFile; fileRef = 62BFBFD022B6BC550052EF54 /* Post.m */; };
		62BFBFD522B71F310052EF54 /* PostCell.m in Sources */ = {isa = PBXBuildFile; fileRef = 62BFBFD422B71F310052EF54 /* PostCell.m */; };
		62DF14E322B8742900C874B9 /* User.m in Sources */ = {isa = PBXBuildFile; fileRef = 62BFBFBB22B5EDC60052EF54 /* User.m */; };
		7AD799E36E72B1213570D145 /* libPods-MigstagramUITests.a in Frameworks */ = {isa = PBXBuildFile; fileRef = C5E86936401910448175C7C3 /* libPods-MigstagramUITests.a */; };
		B3B80BBF64387B9BB1A48682 /* libPods-Migstagram.a in Frameworks */ = {isa = PBXBuildFile; fileRef = EA7E527F3A103F3EE4767337 /* libPods-Migstagram.a */; };
/* End PBXBuildFile section */

/* Begin PBXContainerItemProxy section */
		62BFBF9122B5DE1E0052EF54 /* PBXContainerItemProxy */ = {
			isa = PBXContainerItemProxy;
			containerPortal = 62BFBF7022B5DE1D0052EF54 /* Project object */;
			proxyType = 1;
			remoteGlobalIDString = 62BFBF7722B5DE1D0052EF54;
			remoteInfo = Migstagram;
		};
		62BFBF9C22B5DE1E0052EF54 /* PBXContainerItemProxy */ = {
			isa = PBXContainerItemProxy;
			containerPortal = 62BFBF7022B5DE1D0052EF54 /* Project object */;
			proxyType = 1;
			remoteGlobalIDString = 62BFBF7722B5DE1D0052EF54;
			remoteInfo = Migstagram;
		};
/* End PBXContainerItemProxy section */

/* Begin PBXFileReference section */
		24C592B4080860927B54D576 /* Pods-MigstagramTests.release.xcconfig */ = {isa = PBXFileReference; includeInIndex = 1; lastKnownFileType = text.xcconfig; name = "Pods-MigstagramTests.release.xcconfig"; path = "Target Support Files/Pods-MigstagramTests/Pods-MigstagramTests.release.xcconfig"; sourceTree = "<group>"; };
		3553DE352FC7AB6CC225E5C8 /* Pods-Migstagram.debug.xcconfig */ = {isa = PBXFileReference; includeInIndex = 1; lastKnownFileType = text.xcconfig; name = "Pods-Migstagram.debug.xcconfig"; path = "Target Support Files/Pods-Migstagram/Pods-Migstagram.debug.xcconfig"; sourceTree = "<group>"; };
		62BFBF7822B5DE1D0052EF54 /* Migstagram.app */ = {isa = PBXFileReference; explicitFileType = wrapper.application; includeInIndex = 0; path = Migstagram.app; sourceTree = BUILT_PRODUCTS_DIR; };
		62BFBF7B22B5DE1D0052EF54 /* AppDelegate.h */ = {isa = PBXFileReference; lastKnownFileType = sourcecode.c.h; path = AppDelegate.h; sourceTree = "<group>"; };
		62BFBF7C22B5DE1D0052EF54 /* AppDelegate.m */ = {isa = PBXFileReference; lastKnownFileType = sourcecode.c.objc; path = AppDelegate.m; sourceTree = "<group>"; };
		62BFBF8222B5DE1D0052EF54 /* Base */ = {isa = PBXFileReference; lastKnownFileType = file.storyboard; name = Base; path = Base.lproj/Main.storyboard; sourceTree = "<group>"; };
		62BFBF8422B5DE1E0052EF54 /* Assets.xcassets */ = {isa = PBXFileReference; lastKnownFileType = folder.assetcatalog; path = Assets.xcassets; sourceTree = "<group>"; };
		62BFBF8722B5DE1E0052EF54 /* Base */ = {isa = PBXFileReference; lastKnownFileType = file.storyboard; name = Base; path = Base.lproj/LaunchScreen.storyboard; sourceTree = "<group>"; };
		62BFBF8922B5DE1E0052EF54 /* Info.plist */ = {isa = PBXFileReference; lastKnownFileType = text.plist.xml; path = Info.plist; sourceTree = "<group>"; };
		62BFBF8A22B5DE1E0052EF54 /* main.m */ = {isa = PBXFileReference; lastKnownFileType = sourcecode.c.objc; path = main.m; sourceTree = "<group>"; };
		62BFBF9022B5DE1E0052EF54 /* MigstagramTests.xctest */ = {isa = PBXFileReference; explicitFileType = wrapper.cfbundle; includeInIndex = 0; path = MigstagramTests.xctest; sourceTree = BUILT_PRODUCTS_DIR; };
		62BFBF9422B5DE1E0052EF54 /* MigstagramTests.m */ = {isa = PBXFileReference; lastKnownFileType = sourcecode.c.objc; path = MigstagramTests.m; sourceTree = "<group>"; };
		62BFBF9622B5DE1E0052EF54 /* Info.plist */ = {isa = PBXFileReference; lastKnownFileType = text.plist.xml; path = Info.plist; sourceTree = "<group>"; };
		62BFBF9B22B5DE1E0052EF54 /* MigstagramUITests.xctest */ = {isa = PBXFileReference; explicitFileType = wrapper.cfbundle; includeInIndex = 0; path = MigstagramUITests.xctest; sourceTree = BUILT_PRODUCTS_DIR; };
		62BFBF9F22B5DE1E0052EF54 /* MigstagramUITests.m */ = {isa = PBXFileReference; lastKnownFileType = sourcecode.c.objc; path = MigstagramUITests.m; sourceTree = "<group>"; };
		62BFBFA122B5DE1E0052EF54 /* Info.plist */ = {isa = PBXFileReference; lastKnownFileType = text.plist.xml; path = Info.plist; sourceTree = "<group>"; };
		62BFBFBA22B5EDC60052EF54 /* User.h */ = {isa = PBXFileReference; lastKnownFileType = sourcecode.c.h; path = User.h; sourceTree = "<group>"; };
		62BFBFBB22B5EDC60052EF54 /* User.m */ = {isa = PBXFileReference; lastKnownFileType = sourcecode.c.objc; path = User.m; sourceTree = "<group>"; };
		62BFBFBD22B5F3B10052EF54 /* RegisterViewController.h */ = {isa = PBXFileReference; lastKnownFileType = sourcecode.c.h; path = RegisterViewController.h; sourceTree = "<group>"; };
		62BFBFBE22B5F3B10052EF54 /* RegisterViewController.m */ = {isa = PBXFileReference; lastKnownFileType = sourcecode.c.objc; path = RegisterViewController.m; sourceTree = "<group>"; };
		62BFBFC022B5F3EA0052EF54 /* LoginViewController.h */ = {isa = PBXFileReference; lastKnownFileType = sourcecode.c.h; path = LoginViewController.h; sourceTree = "<group>"; };
		62BFBFC122B5F3EA0052EF54 /* LoginViewController.m */ = {isa = PBXFileReference; lastKnownFileType = sourcecode.c.objc; path = LoginViewController.m; sourceTree = "<group>"; };
		62BFBFC322B5F3F80052EF54 /* OpeningViewController.h */ = {isa = PBXFileReference; lastKnownFileType = sourcecode.c.h; path = OpeningViewController.h; sourceTree = "<group>"; };
		62BFBFC422B5F3F80052EF54 /* OpeningViewController.m */ = {isa = PBXFileReference; lastKnownFileType = sourcecode.c.objc; path = OpeningViewController.m; sourceTree = "<group>"; };
		62BFBFC622B5F90C0052EF54 /* HomeViewController.h */ = {isa = PBXFileReference; lastKnownFileType = sourcecode.c.h; path = HomeViewController.h; sourceTree = "<group>"; };
		62BFBFC722B5F90C0052EF54 /* HomeViewController.m */ = {isa = PBXFileReference; lastKnownFileType = sourcecode.c.objc; path = HomeViewController.m; sourceTree = "<group>"; };
		62BFBFC922B6BA0C0052EF54 /* ImagePickerViewController.h */ = {isa = PBXFileReference; lastKnownFileType = sourcecode.c.h; path = ImagePickerViewController.h; sourceTree = "<group>"; };
		62BFBFCA22B6BA0C0052EF54 /* ImagePickerViewController.m */ = {isa = PBXFileReference; lastKnownFileType = sourcecode.c.objc; path = ImagePickerViewController.m; sourceTree = "<group>"; };
		62BFBFCF22B6BC550052EF54 /* Post.h */ = {isa = PBXFileReference; lastKnownFileType = sourcecode.c.h; path = Post.h; sourceTree = "<group>"; };
		62BFBFD022B6BC550052EF54 /* Post.m */ = {isa = PBXFileReference; lastKnownFileType = sourcecode.c.objc; path = Post.m; sourceTree = "<group>"; };
		62BFBFD322B71F310052EF54 /* PostCell.h */ = {isa = PBXFileReference; lastKnownFileType = sourcecode.c.h; path = PostCell.h; sourceTree = "<group>"; };
		62BFBFD422B71F310052EF54 /* PostCell.m */ = {isa = PBXFileReference; lastKnownFileType = sourcecode.c.objc; path = PostCell.m; sourceTree = "<group>"; };
		62E9746A22B8643F00AABBB4 /* libParse.a */ = {isa = PBXFileReference; explicitFileType = archive.ar; path = libParse.a; sourceTree = BUILT_PRODUCTS_DIR; };
		905EADD8D84D3EE0A030EB7A /* Pods-Migstagram.release.xcconfig */ = {isa = PBXFileReference; includeInIndex = 1; lastKnownFileType = text.xcconfig; name = "Pods-Migstagram.release.xcconfig"; path = "Target Support Files/Pods-Migstagram/Pods-Migstagram.release.xcconfig"; sourceTree = "<group>"; };
		A897A79D90BF838AD243BA6B /* libPods-MigstagramTests.a */ = {isa = PBXFileReference; explicitFileType = archive.ar; includeInIndex = 0; path = "libPods-MigstagramTests.a"; sourceTree = BUILT_PRODUCTS_DIR; };
		B1C7BF9EA129663012838550 /* Pods-MigstagramUITests.release.xcconfig */ = {isa = PBXFileReference; includeInIndex = 1; lastKnownFileType = text.xcconfig; name = "Pods-MigstagramUITests.release.xcconfig"; path = "Target Support Files/Pods-MigstagramUITests/Pods-MigstagramUITests.release.xcconfig"; sourceTree = "<group>"; };
		BAC002D61F97761C0C6BBE65 /* Pods-MigstagramUITests.debug.xcconfig */ = {isa = PBXFileReference; includeInIndex = 1; lastKnownFileType = text.xcconfig; name = "Pods-MigstagramUITests.debug.xcconfig"; path = "Target Support Files/Pods-MigstagramUITests/Pods-MigstagramUITests.debug.xcconfig"; sourceTree = "<group>"; };
		C5E86936401910448175C7C3 /* libPods-MigstagramUITests.a */ = {isa = PBXFileReference; explicitFileType = archive.ar; includeInIndex = 0; path = "libPods-MigstagramUITests.a"; sourceTree = BUILT_PRODUCTS_DIR; };
		EA7E527F3A103F3EE4767337 /* libPods-Migstagram.a */ = {isa = PBXFileReference; explicitFileType = archive.ar; includeInIndex = 0; path = "libPods-Migstagram.a"; sourceTree = BUILT_PRODUCTS_DIR; };
		F8F4B999C66A7496A4BA9A48 /* Pods-MigstagramTests.debug.xcconfig */ = {isa = PBXFileReference; includeInIndex = 1; lastKnownFileType = text.xcconfig; name = "Pods-MigstagramTests.debug.xcconfig"; path = "Target Support Files/Pods-MigstagramTests/Pods-MigstagramTests.debug.xcconfig"; sourceTree = "<group>"; };
/* End PBXFileReference section */

/* Begin PBXFrameworksBuildPhase section */
		62BFBF7522B5DE1D0052EF54 /* Frameworks */ = {
			isa = PBXFrameworksBuildPhase;
			buildActionMask = 2147483647;
			files = (
				B3B80BBF64387B9BB1A48682 /* libPods-Migstagram.a in Frameworks */,
			);
			runOnlyForDeploymentPostprocessing = 0;
		};
		62BFBF8D22B5DE1E0052EF54 /* Frameworks */ = {
			isa = PBXFrameworksBuildPhase;
			buildActionMask = 2147483647;
			files = (
				4E18E7FBFC5A8AC339FECFC8 /* libPods-MigstagramTests.a in Frameworks */,
			);
			runOnlyForDeploymentPostprocessing = 0;
		};
		62BFBF9822B5DE1E0052EF54 /* Frameworks */ = {
			isa = PBXFrameworksBuildPhase;
			buildActionMask = 2147483647;
			files = (
				7AD799E36E72B1213570D145 /* libPods-MigstagramUITests.a in Frameworks */,
			);
			runOnlyForDeploymentPostprocessing = 0;
		};
/* End PBXFrameworksBuildPhase section */

/* Begin PBXGroup section */
		62BFBF6F22B5DE1D0052EF54 = {
			isa = PBXGroup;
			children = (
				62BFBF7A22B5DE1D0052EF54 /* Migstagram */,
				62BFBF9322B5DE1E0052EF54 /* MigstagramTests */,
				62BFBF9E22B5DE1E0052EF54 /* MigstagramUITests */,
				62BFBF7922B5DE1D0052EF54 /* Products */,
				BA5343B1BB5FD2927A9D54E4 /* Pods */,
				64DE8779AFE8C5D29D625649 /* Frameworks */,
			);
			sourceTree = "<group>";
		};
		62BFBF7922B5DE1D0052EF54 /* Products */ = {
			isa = PBXGroup;
			children = (
				62BFBF7822B5DE1D0052EF54 /* Migstagram.app */,
				62BFBF9022B5DE1E0052EF54 /* MigstagramTests.xctest */,
				62BFBF9B22B5DE1E0052EF54 /* MigstagramUITests.xctest */,
			);
			name = Products;
			sourceTree = "<group>";
		};
		62BFBF7A22B5DE1D0052EF54 /* Migstagram */ = {
			isa = PBXGroup;
			children = (
				62BFBFD222B71F190052EF54 /* Views */,
				62BFBFB822B5ED150052EF54 /* Models */,
				62BFBFB722B5EC230052EF54 /* View Controllers */,
				62BFBF7B22B5DE1D0052EF54 /* AppDelegate.h */,
				62BFBF7C22B5DE1D0052EF54 /* AppDelegate.m */,
				62BFBF8122B5DE1D0052EF54 /* Main.storyboard */,
				62BFBF8422B5DE1E0052EF54 /* Assets.xcassets */,
				62BFBF8622B5DE1E0052EF54 /* LaunchScreen.storyboard */,
				62BFBF8922B5DE1E0052EF54 /* Info.plist */,
				62BFBF8A22B5DE1E0052EF54 /* main.m */,
			);
			path = Migstagram;
			sourceTree = "<group>";
		};
		62BFBF9322B5DE1E0052EF54 /* MigstagramTests */ = {
			isa = PBXGroup;
			children = (
				62BFBF9422B5DE1E0052EF54 /* MigstagramTests.m */,
				62BFBF9622B5DE1E0052EF54 /* Info.plist */,
			);
			path = MigstagramTests;
			sourceTree = "<group>";
		};
		62BFBF9E22B5DE1E0052EF54 /* MigstagramUITests */ = {
			isa = PBXGroup;
			children = (
				62BFBF9F22B5DE1E0052EF54 /* MigstagramUITests.m */,
				62BFBFA122B5DE1E0052EF54 /* Info.plist */,
			);
			path = MigstagramUITests;
			sourceTree = "<group>";
		};
		62BFBFB722B5EC230052EF54 /* View Controllers */ = {
			isa = PBXGroup;
			children = (
				62BFBFBD22B5F3B10052EF54 /* RegisterViewController.h */,
				62BFBFBE22B5F3B10052EF54 /* RegisterViewController.m */,
				62BFBFC022B5F3EA0052EF54 /* LoginViewController.h */,
				62BFBFC122B5F3EA0052EF54 /* LoginViewController.m */,
				62BFBFC322B5F3F80052EF54 /* OpeningViewController.h */,
				62BFBFC422B5F3F80052EF54 /* OpeningViewController.m */,
				62BFBFC622B5F90C0052EF54 /* HomeViewController.h */,
				62BFBFC722B5F90C0052EF54 /* HomeViewController.m */,
				62BFBFC922B6BA0C0052EF54 /* ImagePickerViewController.h */,
				62BFBFCA22B6BA0C0052EF54 /* ImagePickerViewController.m */,
			);
			path = "View Controllers";
			sourceTree = "<group>";
		};
		62BFBFB822B5ED150052EF54 /* Models */ = {
			isa = PBXGroup;
			children = (
				62BFBFCF22B6BC550052EF54 /* Post.h */,
				62BFBFD022B6BC550052EF54 /* Post.m */,
				62BFBFBA22B5EDC60052EF54 /* User.h */,
				62BFBFBB22B5EDC60052EF54 /* User.m */,
			);
			path = Models;
			sourceTree = "<group>";
		};
		62BFBFD222B71F190052EF54 /* Views */ = {
			isa = PBXGroup;
			children = (
				62BFBFD322B71F310052EF54 /* PostCell.h */,
				62BFBFD422B71F310052EF54 /* PostCell.m */,
			);
			path = Views;
			sourceTree = "<group>";
		};
		64DE8779AFE8C5D29D625649 /* Frameworks */ = {
			isa = PBXGroup;
			children = (
				62E9746A22B8643F00AABBB4 /* libParse.a */,
				EA7E527F3A103F3EE4767337 /* libPods-Migstagram.a */,
				A897A79D90BF838AD243BA6B /* libPods-MigstagramTests.a */,
				C5E86936401910448175C7C3 /* libPods-MigstagramUITests.a */,
			);
			name = Frameworks;
			sourceTree = "<group>";
		};
		BA5343B1BB5FD2927A9D54E4 /* Pods */ = {
			isa = PBXGroup;
			children = (
				3553DE352FC7AB6CC225E5C8 /* Pods-Migstagram.debug.xcconfig */,
				905EADD8D84D3EE0A030EB7A /* Pods-Migstagram.release.xcconfig */,
				F8F4B999C66A7496A4BA9A48 /* Pods-MigstagramTests.debug.xcconfig */,
				24C592B4080860927B54D576 /* Pods-MigstagramTests.release.xcconfig */,
				BAC002D61F97761C0C6BBE65 /* Pods-MigstagramUITests.debug.xcconfig */,
				B1C7BF9EA129663012838550 /* Pods-MigstagramUITests.release.xcconfig */,
			);
			path = Pods;
			sourceTree = "<group>";
		};
/* End PBXGroup section */

/* Begin PBXNativeTarget section */
		62BFBF7722B5DE1D0052EF54 /* Migstagram */ = {
			isa = PBXNativeTarget;
			buildConfigurationList = 62BFBFA422B5DE1E0052EF54 /* Build configuration list for PBXNativeTarget "Migstagram" */;
			buildPhases = (
				A8DA2D1ED8B93305967FF326 /* [CP] Check Pods Manifest.lock */,
				62BFBF7422B5DE1D0052EF54 /* Sources */,
				62BFBF7522B5DE1D0052EF54 /* Frameworks */,
				62BFBF7622B5DE1D0052EF54 /* Resources */,
				E03B1FEDF17530AECC1E6141 /* [CP] Copy Pods Resources */,
			);
			buildRules = (
			);
			dependencies = (
			);
			name = Migstagram;
			productName = Migstagram;
			productReference = 62BFBF7822B5DE1D0052EF54 /* Migstagram.app */;
			productType = "com.apple.product-type.application";
		};
		62BFBF8F22B5DE1E0052EF54 /* MigstagramTests */ = {
			isa = PBXNativeTarget;
			buildConfigurationList = 62BFBFA722B5DE1E0052EF54 /* Build configuration list for PBXNativeTarget "MigstagramTests" */;
			buildPhases = (
				91FE3B849122FA7C07231705 /* [CP] Check Pods Manifest.lock */,
				62BFBF8C22B5DE1E0052EF54 /* Sources */,
				62BFBF8D22B5DE1E0052EF54 /* Frameworks */,
				62BFBF8E22B5DE1E0052EF54 /* Resources */,
			);
			buildRules = (
			);
			dependencies = (
				62BFBF9222B5DE1E0052EF54 /* PBXTargetDependency */,
			);
			name = MigstagramTests;
			productName = MigstagramTests;
			productReference = 62BFBF9022B5DE1E0052EF54 /* MigstagramTests.xctest */;
			productType = "com.apple.product-type.bundle.unit-test";
		};
		62BFBF9A22B5DE1E0052EF54 /* MigstagramUITests */ = {
			isa = PBXNativeTarget;
			buildConfigurationList = 62BFBFAA22B5DE1E0052EF54 /* Build configuration list for PBXNativeTarget "MigstagramUITests" */;
			buildPhases = (
				79F8547810A57A23A65A5A3B /* [CP] Check Pods Manifest.lock */,
				62BFBF9722B5DE1E0052EF54 /* Sources */,
				62BFBF9822B5DE1E0052EF54 /* Frameworks */,
				62BFBF9922B5DE1E0052EF54 /* Resources */,
			);
			buildRules = (
			);
			dependencies = (
				62BFBF9D22B5DE1E0052EF54 /* PBXTargetDependency */,
			);
			name = MigstagramUITests;
			productName = MigstagramUITests;
			productReference = 62BFBF9B22B5DE1E0052EF54 /* MigstagramUITests.xctest */;
			productType = "com.apple.product-type.bundle.ui-testing";
		};
/* End PBXNativeTarget section */

/* Begin PBXProject section */
		62BFBF7022B5DE1D0052EF54 /* Project object */ = {
			isa = PBXProject;
			attributes = {
				LastUpgradeCheck = 1020;
				ORGANIZATIONNAME = Acme;
				TargetAttributes = {
					62BFBF7722B5DE1D0052EF54 = {
						CreatedOnToolsVersion = 10.2.1;
					};
					62BFBF8F22B5DE1E0052EF54 = {
						CreatedOnToolsVersion = 10.2.1;
						TestTargetID = 62BFBF7722B5DE1D0052EF54;
					};
					62BFBF9A22B5DE1E0052EF54 = {
						CreatedOnToolsVersion = 10.2.1;
						TestTargetID = 62BFBF7722B5DE1D0052EF54;
					};
				};
			};
			buildConfigurationList = 62BFBF7322B5DE1D0052EF54 /* Build configuration list for PBXProject "Migstagram" */;
			compatibilityVersion = "Xcode 9.3";
			developmentRegion = en;
			hasScannedForEncodings = 0;
			knownRegions = (
				en,
				Base,
			);
			mainGroup = 62BFBF6F22B5DE1D0052EF54;
			productRefGroup = 62BFBF7922B5DE1D0052EF54 /* Products */;
			projectDirPath = "";
			projectRoot = "";
			targets = (
				62BFBF7722B5DE1D0052EF54 /* Migstagram */,
				62BFBF8F22B5DE1E0052EF54 /* MigstagramTests */,
				62BFBF9A22B5DE1E0052EF54 /* MigstagramUITests */,
			);
		};
/* End PBXProject section */

/* Begin PBXResourcesBuildPhase section */
		62BFBF7622B5DE1D0052EF54 /* Resources */ = {
			isa = PBXResourcesBuildPhase;
			buildActionMask = 2147483647;
			files = (
				62BFBF8822B5DE1E0052EF54 /* LaunchScreen.storyboard in Resources */,
				62BFBF8522B5DE1E0052EF54 /* Assets.xcassets in Resources */,
				62BFBF8322B5DE1D0052EF54 /* Main.storyboard in Resources */,
			);
			runOnlyForDeploymentPostprocessing = 0;
		};
		62BFBF8E22B5DE1E0052EF54 /* Resources */ = {
			isa = PBXResourcesBuildPhase;
			buildActionMask = 2147483647;
			files = (
			);
			runOnlyForDeploymentPostprocessing = 0;
		};
		62BFBF9922B5DE1E0052EF54 /* Resources */ = {
			isa = PBXResourcesBuildPhase;
			buildActionMask = 2147483647;
			files = (
			);
			runOnlyForDeploymentPostprocessing = 0;
		};
/* End PBXResourcesBuildPhase section */

/* Begin PBXShellScriptBuildPhase section */
		79F8547810A57A23A65A5A3B /* [CP] Check Pods Manifest.lock */ = {
			isa = PBXShellScriptBuildPhase;
			buildActionMask = 2147483647;
			files = (
			);
			inputFileListPaths = (
			);
			inputPaths = (
				"${PODS_PODFILE_DIR_PATH}/Podfile.lock",
				"${PODS_ROOT}/Manifest.lock",
			);
			name = "[CP] Check Pods Manifest.lock";
			outputFileListPaths = (
			);
			outputPaths = (
				"$(DERIVED_FILE_DIR)/Pods-MigstagramUITests-checkManifestLockResult.txt",
			);
			runOnlyForDeploymentPostprocessing = 0;
			shellPath = /bin/sh;
			shellScript = "diff \"${PODS_PODFILE_DIR_PATH}/Podfile.lock\" \"${PODS_ROOT}/Manifest.lock\" > /dev/null\nif [ $? != 0 ] ; then\n    # print error to STDERR\n    echo \"error: The sandbox is not in sync with the Podfile.lock. Run 'pod install' or update your CocoaPods installation.\" >&2\n    exit 1\nfi\n# This output is used by Xcode 'outputs' to avoid re-running this script phase.\necho \"SUCCESS\" > \"${SCRIPT_OUTPUT_FILE_0}\"\n";
			showEnvVarsInLog = 0;
		};
		91FE3B849122FA7C07231705 /* [CP] Check Pods Manifest.lock */ = {
			isa = PBXShellScriptBuildPhase;
			buildActionMask = 2147483647;
			files = (
			);
			inputFileListPaths = (
			);
			inputPaths = (
				"${PODS_PODFILE_DIR_PATH}/Podfile.lock",
				"${PODS_ROOT}/Manifest.lock",
			);
			name = "[CP] Check Pods Manifest.lock";
			outputFileListPaths = (
			);
			outputPaths = (
				"$(DERIVED_FILE_DIR)/Pods-MigstagramTests-checkManifestLockResult.txt",
			);
			runOnlyForDeploymentPostprocessing = 0;
			shellPath = /bin/sh;
			shellScript = "diff \"${PODS_PODFILE_DIR_PATH}/Podfile.lock\" \"${PODS_ROOT}/Manifest.lock\" > /dev/null\nif [ $? != 0 ] ; then\n    # print error to STDERR\n    echo \"error: The sandbox is not in sync with the Podfile.lock. Run 'pod install' or update your CocoaPods installation.\" >&2\n    exit 1\nfi\n# This output is used by Xcode 'outputs' to avoid re-running this script phase.\necho \"SUCCESS\" > \"${SCRIPT_OUTPUT_FILE_0}\"\n";
			showEnvVarsInLog = 0;
		};
		A8DA2D1ED8B93305967FF326 /* [CP] Check Pods Manifest.lock */ = {
			isa = PBXShellScriptBuildPhase;
			buildActionMask = 2147483647;
			files = (
			);
			inputFileListPaths = (
			);
			inputPaths = (
				"${PODS_PODFILE_DIR_PATH}/Podfile.lock",
				"${PODS_ROOT}/Manifest.lock",
			);
			name = "[CP] Check Pods Manifest.lock";
			outputFileListPaths = (
			);
			outputPaths = (
				"$(DERIVED_FILE_DIR)/Pods-Migstagram-checkManifestLockResult.txt",
			);
			runOnlyForDeploymentPostprocessing = 0;
			shellPath = /bin/sh;
			shellScript = "diff \"${PODS_PODFILE_DIR_PATH}/Podfile.lock\" \"${PODS_ROOT}/Manifest.lock\" > /dev/null\nif [ $? != 0 ] ; then\n    # print error to STDERR\n    echo \"error: The sandbox is not in sync with the Podfile.lock. Run 'pod install' or update your CocoaPods installation.\" >&2\n    exit 1\nfi\n# This output is used by Xcode 'outputs' to avoid re-running this script phase.\necho \"SUCCESS\" > \"${SCRIPT_OUTPUT_FILE_0}\"\n";
			showEnvVarsInLog = 0;
		};
		E03B1FEDF17530AECC1E6141 /* [CP] Copy Pods Resources */ = {
			isa = PBXShellScriptBuildPhase;
			buildActionMask = 2147483647;
			files = (
			);
			inputFileListPaths = (
				"${PODS_ROOT}/Target Support Files/Pods-Migstagram/Pods-Migstagram-resources-${CONFIGURATION}-input-files.xcfilelist",
			);
			name = "[CP] Copy Pods Resources";
			outputFileListPaths = (
				"${PODS_ROOT}/Target Support Files/Pods-Migstagram/Pods-Migstagram-resources-${CONFIGURATION}-output-files.xcfilelist",
			);
			runOnlyForDeploymentPostprocessing = 0;
			shellPath = /bin/sh;
			shellScript = "\"${PODS_ROOT}/Target Support Files/Pods-Migstagram/Pods-Migstagram-resources.sh\"\n";
			showEnvVarsInLog = 0;
		};
/* End PBXShellScriptBuildPhase section */

/* Begin PBXSourcesBuildPhase section */
		62BFBF7422B5DE1D0052EF54 /* Sources */ = {
			isa = PBXSourcesBuildPhase;
			buildActionMask = 2147483647;
			files = (
				62DF14E322B8742900C874B9 /* User.m in Sources */,
				62BFBFBF22B5F3B10052EF54 /* RegisterViewController.m in Sources */,
				62BFBFC522B5F3F80052EF54 /* OpeningViewController.m in Sources */,
				62BFBF8B22B5DE1E0052EF54 /* main.m in Sources */,
				62BFBFD122B6BC550052EF54 /* Post.m in Sources */,
				62BFBF7D22B5DE1D0052EF54 /* AppDelegate.m in Sources */,
				62BFBFC822B5F90C0052EF54 /* HomeViewController.m in Sources */,
				62BFBFCB22B6BA0C0052EF54 /* ImagePickerViewController.m in Sources */,
				62BFBFC222B5F3EA0052EF54 /* LoginViewController.m in Sources */,
				62BFBFD522B71F310052EF54 /* PostCell.m in Sources */,
			);
			runOnlyForDeploymentPostprocessing = 0;
		};
		62BFBF8C22B5DE1E0052EF54 /* Sources */ = {
			isa = PBXSourcesBuildPhase;
			buildActionMask = 2147483647;
			files = (
				62BFBF9522B5DE1E0052EF54 /* MigstagramTests.m in Sources */,
			);
			runOnlyForDeploymentPostprocessing = 0;
		};
		62BFBF9722B5DE1E0052EF54 /* Sources */ = {
			isa = PBXSourcesBuildPhase;
			buildActionMask = 2147483647;
			files = (
				62BFBFA022B5DE1E0052EF54 /* MigstagramUITests.m in Sources */,
			);
			runOnlyForDeploymentPostprocessing = 0;
		};
/* End PBXSourcesBuildPhase section */

/* Begin PBXTargetDependency section */
		62BFBF9222B5DE1E0052EF54 /* PBXTargetDependency */ = {
			isa = PBXTargetDependency;
			target = 62BFBF7722B5DE1D0052EF54 /* Migstagram */;
			targetProxy = 62BFBF9122B5DE1E0052EF54 /* PBXContainerItemProxy */;
		};
		62BFBF9D22B5DE1E0052EF54 /* PBXTargetDependency */ = {
			isa = PBXTargetDependency;
			target = 62BFBF7722B5DE1D0052EF54 /* Migstagram */;
			targetProxy = 62BFBF9C22B5DE1E0052EF54 /* PBXContainerItemProxy */;
		};
/* End PBXTargetDependency section */

/* Begin PBXVariantGroup section */
		62BFBF8122B5DE1D0052EF54 /* Main.storyboard */ = {
			isa = PBXVariantGroup;
			children = (
				62BFBF8222B5DE1D0052EF54 /* Base */,
			);
			name = Main.storyboard;
			sourceTree = "<group>";
		};
		62BFBF8622B5DE1E0052EF54 /* LaunchScreen.storyboard */ = {
			isa = PBXVariantGroup;
			children = (
				62BFBF8722B5DE1E0052EF54 /* Base */,
			);
			name = LaunchScreen.storyboard;
			sourceTree = "<group>";
		};
/* End PBXVariantGroup section */

/* Begin XCBuildConfiguration section */
		62BFBFA222B5DE1E0052EF54 /* Debug */ = {
			isa = XCBuildConfiguration;
			buildSettings = {
				ALWAYS_SEARCH_USER_PATHS = NO;
				CLANG_ANALYZER_NONNULL = YES;
				CLANG_ANALYZER_NUMBER_OBJECT_CONVERSION = YES_AGGRESSIVE;
				CLANG_CXX_LANGUAGE_STANDARD = "gnu++14";
				CLANG_CXX_LIBRARY = "libc++";
				CLANG_ENABLE_MODULES = YES;
				CLANG_ENABLE_OBJC_ARC = YES;
				CLANG_ENABLE_OBJC_WEAK = YES;
				CLANG_WARN_BLOCK_CAPTURE_AUTORELEASING = YES;
				CLANG_WARN_BOOL_CONVERSION = YES;
				CLANG_WARN_COMMA = YES;
				CLANG_WARN_CONSTANT_CONVERSION = YES;
				CLANG_WARN_DEPRECATED_OBJC_IMPLEMENTATIONS = YES;
				CLANG_WARN_DIRECT_OBJC_ISA_USAGE = YES_ERROR;
				CLANG_WARN_DOCUMENTATION_COMMENTS = YES;
				CLANG_WARN_EMPTY_BODY = YES;
				CLANG_WARN_ENUM_CONVERSION = YES;
				CLANG_WARN_INFINITE_RECURSION = YES;
				CLANG_WARN_INT_CONVERSION = YES;
				CLANG_WARN_NON_LITERAL_NULL_CONVERSION = YES;
				CLANG_WARN_OBJC_IMPLICIT_RETAIN_SELF = YES;
				CLANG_WARN_OBJC_LITERAL_CONVERSION = YES;
				CLANG_WARN_OBJC_ROOT_CLASS = YES_ERROR;
				CLANG_WARN_RANGE_LOOP_ANALYSIS = YES;
				CLANG_WARN_STRICT_PROTOTYPES = YES;
				CLANG_WARN_SUSPICIOUS_MOVE = YES;
				CLANG_WARN_UNGUARDED_AVAILABILITY = YES_AGGRESSIVE;
				CLANG_WARN_UNREACHABLE_CODE = YES;
				CLANG_WARN__DUPLICATE_METHOD_MATCH = YES;
				CODE_SIGN_IDENTITY = "iPhone Developer";
				COPY_PHASE_STRIP = NO;
				DEBUG_INFORMATION_FORMAT = dwarf;
				ENABLE_STRICT_OBJC_MSGSEND = YES;
				ENABLE_TESTABILITY = YES;
				GCC_C_LANGUAGE_STANDARD = gnu11;
				GCC_DYNAMIC_NO_PIC = NO;
				GCC_NO_COMMON_BLOCKS = YES;
				GCC_OPTIMIZATION_LEVEL = 0;
				GCC_PREPROCESSOR_DEFINITIONS = (
					"DEBUG=1",
					"$(inherited)",
				);
				GCC_WARN_64_TO_32_BIT_CONVERSION = YES;
				GCC_WARN_ABOUT_RETURN_TYPE = YES_ERROR;
				GCC_WARN_UNDECLARED_SELECTOR = YES;
				GCC_WARN_UNINITIALIZED_AUTOS = YES_AGGRESSIVE;
				GCC_WARN_UNUSED_FUNCTION = YES;
				GCC_WARN_UNUSED_VARIABLE = YES;
				IPHONEOS_DEPLOYMENT_TARGET = 12.2;
				MTL_ENABLE_DEBUG_INFO = INCLUDE_SOURCE;
				MTL_FAST_MATH = YES;
				ONLY_ACTIVE_ARCH = YES;
				SDKROOT = iphoneos;
			};
			name = Debug;
		};
		62BFBFA322B5DE1E0052EF54 /* Release */ = {
			isa = XCBuildConfiguration;
			buildSettings = {
				ALWAYS_SEARCH_USER_PATHS = NO;
				CLANG_ANALYZER_NONNULL = YES;
				CLANG_ANALYZER_NUMBER_OBJECT_CONVERSION = YES_AGGRESSIVE;
				CLANG_CXX_LANGUAGE_STANDARD = "gnu++14";
				CLANG_CXX_LIBRARY = "libc++";
				CLANG_ENABLE_MODULES = YES;
				CLANG_ENABLE_OBJC_ARC = YES;
				CLANG_ENABLE_OBJC_WEAK = YES;
				CLANG_WARN_BLOCK_CAPTURE_AUTORELEASING = YES;
				CLANG_WARN_BOOL_CONVERSION = YES;
				CLANG_WARN_COMMA = YES;
				CLANG_WARN_CONSTANT_CONVERSION = YES;
				CLANG_WARN_DEPRECATED_OBJC_IMPLEMENTATIONS = YES;
				CLANG_WARN_DIRECT_OBJC_ISA_USAGE = YES_ERROR;
				CLANG_WARN_DOCUMENTATION_COMMENTS = YES;
				CLANG_WARN_EMPTY_BODY = YES;
				CLANG_WARN_ENUM_CONVERSION = YES;
				CLANG_WARN_INFINITE_RECURSION = YES;
				CLANG_WARN_INT_CONVERSION = YES;
				CLANG_WARN_NON_LITERAL_NULL_CONVERSION = YES;
				CLANG_WARN_OBJC_IMPLICIT_RETAIN_SELF = YES;
				CLANG_WARN_OBJC_LITERAL_CONVERSION = YES;
				CLANG_WARN_OBJC_ROOT_CLASS = YES_ERROR;
				CLANG_WARN_RANGE_LOOP_ANALYSIS = YES;
				CLANG_WARN_STRICT_PROTOTYPES = YES;
				CLANG_WARN_SUSPICIOUS_MOVE = YES;
				CLANG_WARN_UNGUARDED_AVAILABILITY = YES_AGGRESSIVE;
				CLANG_WARN_UNREACHABLE_CODE = YES;
				CLANG_WARN__DUPLICATE_METHOD_MATCH = YES;
				CODE_SIGN_IDENTITY = "iPhone Developer";
				COPY_PHASE_STRIP = NO;
				DEBUG_INFORMATION_FORMAT = "dwarf-with-dsym";
				ENABLE_NS_ASSERTIONS = NO;
				ENABLE_STRICT_OBJC_MSGSEND = YES;
				GCC_C_LANGUAGE_STANDARD = gnu11;
				GCC_NO_COMMON_BLOCKS = YES;
				GCC_WARN_64_TO_32_BIT_CONVERSION = YES;
				GCC_WARN_ABOUT_RETURN_TYPE = YES_ERROR;
				GCC_WARN_UNDECLARED_SELECTOR = YES;
				GCC_WARN_UNINITIALIZED_AUTOS = YES_AGGRESSIVE;
				GCC_WARN_UNUSED_FUNCTION = YES;
				GCC_WARN_UNUSED_VARIABLE = YES;
				IPHONEOS_DEPLOYMENT_TARGET = 12.2;
				MTL_ENABLE_DEBUG_INFO = NO;
				MTL_FAST_MATH = YES;
				SDKROOT = iphoneos;
				VALIDATE_PRODUCT = YES;
			};
			name = Release;
		};
		62BFBFA522B5DE1E0052EF54 /* Debug */ = {
			isa = XCBuildConfiguration;
			baseConfigurationReference = 3553DE352FC7AB6CC225E5C8 /* Pods-Migstagram.debug.xcconfig */;
			buildSettings = {
				ASSETCATALOG_COMPILER_APPICON_NAME = AppIcon;
				CODE_SIGN_STYLE = Automatic;
				DEVELOPMENT_TEAM = 7GVBR98P59;
				FRAMEWORK_SEARCH_PATHS = (
					"$(inherited)",
					"$(PROJECT_DIR)",
				);
				INFOPLIST_FILE = Migstagram/Info.plist;
				LD_RUNPATH_SEARCH_PATHS = (
					"$(inherited)",
					"@executable_path/Frameworks",
				);
				PRODUCT_BUNDLE_IDENTIFIER = com.acme.Migstagram;
				PRODUCT_NAME = "$(TARGET_NAME)";
				TARGETED_DEVICE_FAMILY = "1,2";
			};
			name = Debug;
		};
		62BFBFA622B5DE1E0052EF54 /* Release */ = {
			isa = XCBuildConfiguration;
			baseConfigurationReference = 905EADD8D84D3EE0A030EB7A /* Pods-Migstagram.release.xcconfig */;
			buildSettings = {
				ASSETCATALOG_COMPILER_APPICON_NAME = AppIcon;
				CODE_SIGN_STYLE = Automatic;
				DEVELOPMENT_TEAM = 7GVBR98P59;
				FRAMEWORK_SEARCH_PATHS = (
					"$(inherited)",
					"$(PROJECT_DIR)",
				);
				INFOPLIST_FILE = Migstagram/Info.plist;
				LD_RUNPATH_SEARCH_PATHS = (
					"$(inherited)",
					"@executable_path/Frameworks",
				);
				PRODUCT_BUNDLE_IDENTIFIER = com.acme.Migstagram;
				PRODUCT_NAME = "$(TARGET_NAME)";
				TARGETED_DEVICE_FAMILY = "1,2";
			};
			name = Release;
		};
		62BFBFA822B5DE1E0052EF54 /* Debug */ = {
			isa = XCBuildConfiguration;
			baseConfigurationReference = F8F4B999C66A7496A4BA9A48 /* Pods-MigstagramTests.debug.xcconfig */;
			buildSettings = {
				BUNDLE_LOADER = "$(TEST_HOST)";
				CODE_SIGN_STYLE = Automatic;
				DEVELOPMENT_TEAM = 7GVBR98P59;
				INFOPLIST_FILE = MigstagramTests/Info.plist;
				LD_RUNPATH_SEARCH_PATHS = (
					"$(inherited)",
					"@executable_path/Frameworks",
					"@loader_path/Frameworks",
				);
				PRODUCT_BUNDLE_IDENTIFIER = com.acme.MigstagramTests;
				PRODUCT_NAME = "$(TARGET_NAME)";
				TARGETED_DEVICE_FAMILY = "1,2";
				TEST_HOST = "$(BUILT_PRODUCTS_DIR)/Migstagram.app/Migstagram";
			};
			name = Debug;
		};
		62BFBFA922B5DE1E0052EF54 /* Release */ = {
			isa = XCBuildConfiguration;
			baseConfigurationReference = 24C592B4080860927B54D576 /* Pods-MigstagramTests.release.xcconfig */;
			buildSettings = {
				BUNDLE_LOADER = "$(TEST_HOST)";
				CODE_SIGN_STYLE = Automatic;
				DEVELOPMENT_TEAM = 7GVBR98P59;
				INFOPLIST_FILE = MigstagramTests/Info.plist;
				LD_RUNPATH_SEARCH_PATHS = (
					"$(inherited)",
					"@executable_path/Frameworks",
					"@loader_path/Frameworks",
				);
				PRODUCT_BUNDLE_IDENTIFIER = com.acme.MigstagramTests;
				PRODUCT_NAME = "$(TARGET_NAME)";
				TARGETED_DEVICE_FAMILY = "1,2";
				TEST_HOST = "$(BUILT_PRODUCTS_DIR)/Migstagram.app/Migstagram";
			};
			name = Release;
		};
		62BFBFAB22B5DE1E0052EF54 /* Debug */ = {
			isa = XCBuildConfiguration;
			baseConfigurationReference = BAC002D61F97761C0C6BBE65 /* Pods-MigstagramUITests.debug.xcconfig */;
			buildSettings = {
				CODE_SIGN_STYLE = Automatic;
				DEVELOPMENT_TEAM = 7GVBR98P59;
				INFOPLIST_FILE = MigstagramUITests/Info.plist;
				LD_RUNPATH_SEARCH_PATHS = (
					"$(inherited)",
					"@executable_path/Frameworks",
					"@loader_path/Frameworks",
				);
				PRODUCT_BUNDLE_IDENTIFIER = com.acme.MigstagramUITests;
				PRODUCT_NAME = "$(TARGET_NAME)";
				TARGETED_DEVICE_FAMILY = "1,2";
				TEST_TARGET_NAME = Migstagram;
			};
			name = Debug;
		};
		62BFBFAC22B5DE1E0052EF54 /* Release */ = {
			isa = XCBuildConfiguration;
			baseConfigurationReference = B1C7BF9EA129663012838550 /* Pods-MigstagramUITests.release.xcconfig */;
			buildSettings = {
				CODE_SIGN_STYLE = Automatic;
				DEVELOPMENT_TEAM = 7GVBR98P59;
				INFOPLIST_FILE = MigstagramUITests/Info.plist;
				LD_RUNPATH_SEARCH_PATHS = (
					"$(inherited)",
					"@executable_path/Frameworks",
					"@loader_path/Frameworks",
				);
				PRODUCT_BUNDLE_IDENTIFIER = com.acme.MigstagramUITests;
				PRODUCT_NAME = "$(TARGET_NAME)";
				TARGETED_DEVICE_FAMILY = "1,2";
				TEST_TARGET_NAME = Migstagram;
			};
			name = Release;
		};
/* End XCBuildConfiguration section */

/* Begin XCConfigurationList section */
		62BFBF7322B5DE1D0052EF54 /* Build configuration list for PBXProject "Migstagram" */ = {
			isa = XCConfigurationList;
			buildConfigurations = (
				62BFBFA222B5DE1E0052EF54 /* Debug */,
				62BFBFA322B5DE1E0052EF54 /* Release */,
			);
			defaultConfigurationIsVisible = 0;
			defaultConfigurationName = Release;
		};
		62BFBFA422B5DE1E0052EF54 /* Build configuration list for PBXNativeTarget "Migstagram" */ = {
			isa = XCConfigurationList;
			buildConfigurations = (
				62BFBFA522B5DE1E0052EF54 /* Debug */,
				62BFBFA622B5DE1E0052EF54 /* Release */,
			);
			defaultConfigurationIsVisible = 0;
			defaultConfigurationName = Release;
		};
		62BFBFA722B5DE1E0052EF54 /* Build configuration list for PBXNativeTarget "MigstagramTests" */ = {
			isa = XCConfigurationList;
			buildConfigurations = (
				62BFBFA822B5DE1E0052EF54 /* Debug */,
				62BFBFA922B5DE1E0052EF54 /* Release */,
			);
			defaultConfigurationIsVisible = 0;
			defaultConfigurationName = Release;
		};
		62BFBFAA22B5DE1E0052EF54 /* Build configuration list for PBXNativeTarget "MigstagramUITests" */ = {
			isa = XCConfigurationList;
			buildConfigurations = (
				62BFBFAB22B5DE1E0052EF54 /* Debug */,
				62BFBFAC22B5DE1E0052EF54 /* Release */,
			);
			defaultConfigurationIsVisible = 0;
			defaultConfigurationName = Release;
		};
/* End XCConfigurationList section */
	};
	rootObject = 62BFBF7022B5DE1D0052EF54 /* Project object */;
}
